github.com/stanekondrej/bakalari v0.4.0 h1:KdhjYxoWlw2bVYLY7Zyc9HWvSxAbfJkEyiVu4hsm7Is=
github.com/stanekondrej/bakalari v0.4.0/go.mod h1:rnkAoqTu4p8mG9K4XrYtVjnqqDqruYJ6MjV0lXEi5vk=
github.com/stanekondrej/bakalari v0.4.1 h1:XlGwyMxmh+sHFcT1NBn7qCd/7Wx69/sFg/XdTqJEJtc=
github.com/stanekondrej/bakalari v0.4.1/go.mod h1:rnkAoqTu4p8mG9K4XrYtVjnqqDqruYJ6MjV0lXEi5vk=
